
Microsoft Visual Studio Solution File, Format Version 12.00
# Visual Studio Version 16
VisualStudioVersion = 16.0.28922.388
MinimumVisualStudioVersion = 10.0.40219.1
Project("{FAE04EC0-301F-11D3-BF4B-00C04F79EFBC}") = "WalkingManEthanL", "WalkingManEthanL\WalkingManEthanL.csproj", "{A9C2BB0D-CBB7-4FB6-82C7-DCA7362C28E9}"
EndProject
Global
	GlobalSection(SolutionConfigurationPlatforms) = preSolution
		Debug|Any CPU = Debug|Any CPU
		Release|Any CPU = Release|Any CPU
	EndGlobalSection
	GlobalSection(ProjectConfigurationPlatforms) = postSolution
		{A9C2BB0D-CBB7-4FB6-82C7-DCA7362C28E9}.Debug|Any CPU.ActiveCfg = Debug|Any CPU
		{A9C2BB0D-CBB7-4FB6-82C7-DCA7362C28E9}.Debug|Any CPU.Build.0 = Debug|Any CPU
		{A9C2BB0D-CBB7-4FB6-82C7-DCA7362C28E9}.Release|Any CPU.ActiveCfg = Release|Any CPU
		{A9C2BB0D-CBB7-4FB6-82C7-DCA7362C28E9}.Release|Any CPU.Build.0 = Release|Any CPU
	EndGlobalSection
	GlobalSection(SolutionProperties) = preSolution
		HideSolutionNode = FALSE
	EndGlobalSection
	GlobalSection(ExtensibilityGlobals) = postSolution
		SolutionGuid = {0B73743F-1D57-4C7E-8E3E-1A434B890192}
	EndGlobalSection
EndGlobal
