
Microsoft Visual Studio Solution File, Format Version 12.00
# Visual Studio Version 16
VisualStudioVersion = 16.0.28922.388
MinimumVisualStudioVersion = 10.0.40219.1
Project("{FAE04EC0-301F-11D3-BF4B-00C04F79EFBC}") = "RockPaperScissorsEthan", "RockPaperScissorsEthan\RockPaperScissorsEthan.csproj", "{FA80BFA2-5141-49EA-B1E7-5A2D00AE81D2}"
EndProject
Global
	GlobalSection(SolutionConfigurationPlatforms) = preSolution
		Debug|Any CPU = Debug|Any CPU
		Release|Any CPU = Release|Any CPU
	EndGlobalSection
	GlobalSection(ProjectConfigurationPlatforms) = postSolution
		{FA80BFA2-5141-49EA-B1E7-5A2D00AE81D2}.Debug|Any CPU.ActiveCfg = Debug|Any CPU
		{FA80BFA2-5141-49EA-B1E7-5A2D00AE81D2}.Debug|Any CPU.Build.0 = Debug|Any CPU
		{FA80BFA2-5141-49EA-B1E7-5A2D00AE81D2}.Release|Any CPU.ActiveCfg = Release|Any CPU
		{FA80BFA2-5141-49EA-B1E7-5A2D00AE81D2}.Release|Any CPU.Build.0 = Release|Any CPU
	EndGlobalSection
	GlobalSection(SolutionProperties) = preSolution
		HideSolutionNode = FALSE
	EndGlobalSection
	GlobalSection(ExtensibilityGlobals) = postSolution
		SolutionGuid = {BE6B8312-1ED0-4B87-9AF9-CB15475EA17C}
	EndGlobalSection
EndGlobal
