
Microsoft Visual Studio Solution File, Format Version 12.00
# Visual Studio Version 16
VisualStudioVersion = 16.0.28922.388
MinimumVisualStudioVersion = 10.0.40219.1
Project("{FAE04EC0-301F-11D3-BF4B-00C04F79EFBC}") = "AlphabetNestedLoopsEthan", "AlphabetNestedLoopsEthan\AlphabetNestedLoopsEthan.csproj", "{FCE23B72-78D7-4E64-B146-46CF733C7AA3}"
EndProject
Global
	GlobalSection(SolutionConfigurationPlatforms) = preSolution
		Debug|Any CPU = Debug|Any CPU
		Release|Any CPU = Release|Any CPU
	EndGlobalSection
	GlobalSection(ProjectConfigurationPlatforms) = postSolution
		{FCE23B72-78D7-4E64-B146-46CF733C7AA3}.Debug|Any CPU.ActiveCfg = Debug|Any CPU
		{FCE23B72-78D7-4E64-B146-46CF733C7AA3}.Debug|Any CPU.Build.0 = Debug|Any CPU
		{FCE23B72-78D7-4E64-B146-46CF733C7AA3}.Release|Any CPU.ActiveCfg = Release|Any CPU
		{FCE23B72-78D7-4E64-B146-46CF733C7AA3}.Release|Any CPU.Build.0 = Release|Any CPU
	EndGlobalSection
	GlobalSection(SolutionProperties) = preSolution
		HideSolutionNode = FALSE
	EndGlobalSection
	GlobalSection(ExtensibilityGlobals) = postSolution
		SolutionGuid = {53D70CD4-07AB-48BD-AD32-D61533E905E0}
	EndGlobalSection
EndGlobal
